{
  "version": 1,
  "dependencies": {
    "net7.0-windows7.0": {
      "DalamudPackager": {
        "type": "Direct",
        "requested": "[2.1.11, )",
        "resolved": "2.1.11",
        "contentHash": "9qlAWoRRTiL/geAvuwR/g6Bcbrd/bJJgVnB/RurBiyKs6srsP0bvpoo8IK+Eg8EA6jWeM6/YJWs66w4FIAzqPw=="
      },
      "System.ServiceModel.Primitives": {
        "type": "Direct",
        "requested": "[6.0.0, )",
        "resolved": "6.0.0",
        "contentHash": "uGyB5FMdwiBmSgJtB0x9mWUuGYj/RbXjh8I6FtsZmUAVcFc6qjOasHPHnflHUk+Qqbx7cAFugDUa2HFRtDe1QA==",
        "dependencies": {
          "Microsoft.Extensions.ObjectPool": "6.0.16",
          "System.Reflection.DispatchProxy": "4.7.1",
          "System.Security.Cryptography.Xml": "6.0.1"
        }
      },
      "Microsoft.Extensions.ObjectPool": {
        "type": "Transitive",
        "resolved": "6.0.16",
        "contentHash": "OVX5tlKg6LY+XKqlUn7i9KY+6Liut0iewWff2DNr7129i/NJ8rpUzbmxavPydZgcLREEWHklXZiPKCS895tNIQ=="
      },
      "System.Formats.Asn1": {
        "type": "Transitive",
        "resolved": "6.0.0",
        "contentHash": "T6fD00dQ3NTbPDy31m4eQUwKW84s03z0N2C8HpOklyeaDgaJPa/TexP4/SkORMSOwc7WhKifnA6Ya33AkzmafA=="
      },
      "System.Reflection.DispatchProxy": {
        "type": "Transitive",
        "resolved": "4.7.1",
        "contentHash": "C1sMLwIG6ILQ2bmOT4gh62V6oJlyF4BlHcVMrOoor49p0Ji2tA8QAoqyMcIhAdH6OHKJ8m7BU+r4LK2CUEOKqw=="
      },
      "System.Security.AccessControl": {
        "type": "Transitive",
        "resolved": "6.0.0",
        "contentHash": "AUADIc0LIEQe7MzC+I0cl0rAT8RrTAKFHl53yHjEUzNVIaUlhFY11vc2ebiVJzVBuOzun6F7FBA+8KAbGTTedQ=="
      },
      "System.Security.Cryptography.Pkcs": {
        "type": "Transitive",
        "resolved": "6.0.1",
        "contentHash": "ynmbW2GjIGg9K1wXmVIRs4IlyDolf0JXNpzFQ8JCVgwM+myUC2JeUggl2PwQig2PNVMegKmN1aAx7WPQ8tI3vA==",
        "dependencies": {
          "System.Formats.Asn1": "6.0.0"
        }
      },
      "System.Security.Cryptography.Xml": {
        "type": "Transitive",
        "resolved": "6.0.1",
        "contentHash": "5e5bI28T0x73AwTsbuFP4qSRzthmU2C0Gqgg3AZ3KTxmSyA+Uhk31puA3srdaeWaacVnHhLdJywCzqOiEpbO/w==",
        "dependencies": {
          "System.Security.AccessControl": "6.0.0",
          "System.Security.Cryptography.Pkcs": "6.0.1"
        }
      }
    }
  }
}